
Microsoft Visual Studio Solution File, Format Version 12.00
# Visual Studio Version 17
VisualStudioVersion = 17.14.36221.1 d17.14
MinimumVisualStudioVersion = 10.0.40219.1
Project("{FAE04EC0-301F-11D3-BF4B-00C04F79EFBC}") = "ActusAgentService", "ActusAgentService.csproj", "{C441EA61-7E37-8B7F-C459-AB15146F0E82}"
EndProject
Project("{FAE04EC0-301F-11D3-BF4B-00C04F79EFBC}") = "ActusAgentClient", "..\ActusAgentClient\ActusAgentClient.csproj", "{ACDF74AC-C546-B965-9A1B-085CE3DD63FA}"
EndProject
Global
	GlobalSection(SolutionConfigurationPlatforms) = preSolution
		Debug|Any CPU = Debug|Any CPU
		Release|Any CPU = Release|Any CPU
	EndGlobalSection
	GlobalSection(ProjectConfigurationPlatforms) = postSolution
		{C441EA61-7E37-8B7F-C459-AB15146F0E82}.Debug|Any CPU.ActiveCfg = Debug|Any CPU
		{C441EA61-7E37-8B7F-C459-AB15146F0E82}.Debug|Any CPU.Build.0 = Debug|Any CPU
		{C441EA61-7E37-8B7F-C459-AB15146F0E82}.Release|Any CPU.ActiveCfg = Release|Any CPU
		{C441EA61-7E37-8B7F-C459-AB15146F0E82}.Release|Any CPU.Build.0 = Release|Any CPU
		{ACDF74AC-C546-B965-9A1B-085CE3DD63FA}.Debug|Any CPU.ActiveCfg = Debug|Any CPU
		{ACDF74AC-C546-B965-9A1B-085CE3DD63FA}.Debug|Any CPU.Build.0 = Debug|Any CPU
		{ACDF74AC-C546-B965-9A1B-085CE3DD63FA}.Release|Any CPU.ActiveCfg = Release|Any CPU
		{ACDF74AC-C546-B965-9A1B-085CE3DD63FA}.Release|Any CPU.Build.0 = Release|Any CPU
	EndGlobalSection
	GlobalSection(SolutionProperties) = preSolution
		HideSolutionNode = FALSE
	EndGlobalSection
	GlobalSection(ExtensibilityGlobals) = postSolution
		SolutionGuid = {B7141CDF-600F-46F2-BD28-5D63FBF4D484}
	EndGlobalSection
EndGlobal
